
Microsoft Visual Studio Solution File, Format Version 12.00
# Visual Studio Version 17
VisualStudioVersion = 17.5.002.0
MinimumVisualStudioVersion = 10.0.40219.1
Project("{9A19103F-16F7-4668-BE54-9A1E7A4F7556}") = "NannoA_MiniChallengeEightToTen - Endpoints", "NannoA_MiniChallengeEightToTen - Endpoints.csproj", "{90491C76-F7FC-425F-9FE4-DC206E9A1D9F}"
EndProject
Global
	GlobalSection(SolutionConfigurationPlatforms) = preSolution
		Debug|Any CPU = Debug|Any CPU
		Release|Any CPU = Release|Any CPU
	EndGlobalSection
	GlobalSection(ProjectConfigurationPlatforms) = postSolution
		{90491C76-F7FC-425F-9FE4-DC206E9A1D9F}.Debug|Any CPU.ActiveCfg = Debug|Any CPU
		{90491C76-F7FC-425F-9FE4-DC206E9A1D9F}.Debug|Any CPU.Build.0 = Debug|Any CPU
		{90491C76-F7FC-425F-9FE4-DC206E9A1D9F}.Release|Any CPU.ActiveCfg = Release|Any CPU
		{90491C76-F7FC-425F-9FE4-DC206E9A1D9F}.Release|Any CPU.Build.0 = Release|Any CPU
	EndGlobalSection
	GlobalSection(SolutionProperties) = preSolution
		HideSolutionNode = FALSE
	EndGlobalSection
	GlobalSection(ExtensibilityGlobals) = postSolution
		SolutionGuid = {013BAE6E-0E55-4FD6-A05B-645DF3AF9B12}
	EndGlobalSection
EndGlobal
